
Microsoft Visual Studio Solution File, Format Version 12.00
# Visual Studio Version 17
VisualStudioVersion = 17.4.33403.182
MinimumVisualStudioVersion = 10.0.40219.1
Project("{FAE04EC0-301F-11D3-BF4B-00C04F79EFBC}") = "BlogsApp", "BlogsApp.csproj", "{F62C9B2A-789C-4895-A85E-862305E9A9C7}"
EndProject
Global
	GlobalSection(SolutionConfigurationPlatforms) = preSolution
		Debug|Any CPU = Debug|Any CPU
		Release|Any CPU = Release|Any CPU
	EndGlobalSection
	GlobalSection(ProjectConfigurationPlatforms) = postSolution
		{F62C9B2A-789C-4895-A85E-862305E9A9C7}.Debug|Any CPU.ActiveCfg = Debug|Any CPU
		{F62C9B2A-789C-4895-A85E-862305E9A9C7}.Debug|Any CPU.Build.0 = Debug|Any CPU
		{F62C9B2A-789C-4895-A85E-862305E9A9C7}.Release|Any CPU.ActiveCfg = Release|Any CPU
		{F62C9B2A-789C-4895-A85E-862305E9A9C7}.Release|Any CPU.Build.0 = Release|Any CPU
	EndGlobalSection
	GlobalSection(SolutionProperties) = preSolution
		HideSolutionNode = FALSE
	EndGlobalSection
	GlobalSection(ExtensibilityGlobals) = postSolution
		SolutionGuid = {3967F571-AD96-41C8-999A-93A216258E71}
	EndGlobalSection
EndGlobal
